
Microsoft Visual Studio Solution File, Format Version 10.00
# Visual Studio 2008
Project("{2150E333-8FDC-42A3-9474-1A3956D46DE8}") = "Solution Items", "Solution Items", "{30724B03-5294-4279-8BF5-76C064227298}"
	ProjectSection(SolutionItems) = preProject
		Dnfeitosa.Enums.vsmdi = Dnfeitosa.Enums.vsmdi
		LocalTestRun.testrunconfig = LocalTestRun.testrunconfig
	EndProjectSection
EndProject
Project("{FAE04EC0-301F-11D3-BF4B-00C04F79EFBC}") = "Dnfeitosa.Enums", "Dnfeitosa.Enums\Dnfeitosa.Enums.csproj", "{08DA731A-96C3-4F0C-B3DE-DDEB0CD4B478}"
EndProject
Project("{FAE04EC0-301F-11D3-BF4B-00C04F79EFBC}") = "Dnfeitosa.Enums.Tests", "Dnfeitosa.Enums.Tests\Dnfeitosa.Enums.Tests.csproj", "{71860709-D6A1-44DB-86FE-BE7F2BF5A5AC}"
EndProject
Project("{2150E333-8FDC-42A3-9474-1A3956D46DE8}") = "Project Items", "Project Items", "{1620E8D9-3D10-400E-BC62-3FF92C16C034}"
	ProjectSection(SolutionItems) = preProject
		LICENSE = LICENSE
		README.rdoc = README.rdoc
	EndProjectSection
EndProject
Project("{FAE04EC0-301F-11D3-BF4B-00C04F79EFBC}") = "Dnfeitosa.Enums.Frameworks.ASP.NET.MVC", "Dnfeitosa.Enums.Frameworks.ASP.NET.MVC\Dnfeitosa.Enums.Frameworks.ASP.NET.MVC.csproj", "{A05CAC4E-9663-44E7-8545-963512AF6E46}"
EndProject
Project("{FAE04EC0-301F-11D3-BF4B-00C04F79EFBC}") = "Dnfeitosa.Enums.Frameworks.ASP.NET.MVC.Test", "Dnfeitosa.Enums.Frameworks.ASP.NET.MVC.Test\Dnfeitosa.Enums.Frameworks.ASP.NET.MVC.Test.csproj", "{ACE353D3-542E-442F-A000-96829F73691B}"
EndProject
Project("{FAE04EC0-301F-11D3-BF4B-00C04F79EFBC}") = "Dnfeitosa.Enums.Frameworks.ASP.NET.MVC2.Test", "Dnfeitosa.Enums.Frameworks.ASP.NET.MVC2.Test\Dnfeitosa.Enums.Frameworks.ASP.NET.MVC2.Test.csproj", "{9C8D9060-2280-418B-B29D-2C31A8F83D81}"
EndProject
Project("{FAE04EC0-301F-11D3-BF4B-00C04F79EFBC}") = "Dnfeitosa.Enums.Frameworks.ASP.NET.MVC2", "Dnfeitosa.Enums.Frameworks.ASP.NET.MVC2\Dnfeitosa.Enums.Frameworks.ASP.NET.MVC2.csproj", "{6987DE0C-8583-43F3-8CE9-BE8F34DBA9ED}"
EndProject
Global
	GlobalSection(TestCaseManagementSettings) = postSolution
		CategoryFile = Dnfeitosa.Enums.vsmdi
	EndGlobalSection
	GlobalSection(SolutionConfigurationPlatforms) = preSolution
		Debug|Any CPU = Debug|Any CPU
		Release|Any CPU = Release|Any CPU
	EndGlobalSection
	GlobalSection(ProjectConfigurationPlatforms) = postSolution
		{08DA731A-96C3-4F0C-B3DE-DDEB0CD4B478}.Debug|Any CPU.ActiveCfg = Debug|Any CPU
		{08DA731A-96C3-4F0C-B3DE-DDEB0CD4B478}.Debug|Any CPU.Build.0 = Debug|Any CPU
		{08DA731A-96C3-4F0C-B3DE-DDEB0CD4B478}.Release|Any CPU.ActiveCfg = Release|Any CPU
		{08DA731A-96C3-4F0C-B3DE-DDEB0CD4B478}.Release|Any CPU.Build.0 = Release|Any CPU
		{71860709-D6A1-44DB-86FE-BE7F2BF5A5AC}.Debug|Any CPU.ActiveCfg = Debug|Any CPU
		{71860709-D6A1-44DB-86FE-BE7F2BF5A5AC}.Debug|Any CPU.Build.0 = Debug|Any CPU
		{71860709-D6A1-44DB-86FE-BE7F2BF5A5AC}.Release|Any CPU.ActiveCfg = Release|Any CPU
		{71860709-D6A1-44DB-86FE-BE7F2BF5A5AC}.Release|Any CPU.Build.0 = Release|Any CPU
		{A05CAC4E-9663-44E7-8545-963512AF6E46}.Debug|Any CPU.ActiveCfg = Debug|Any CPU
		{A05CAC4E-9663-44E7-8545-963512AF6E46}.Debug|Any CPU.Build.0 = Debug|Any CPU
		{A05CAC4E-9663-44E7-8545-963512AF6E46}.Release|Any CPU.ActiveCfg = Release|Any CPU
		{A05CAC4E-9663-44E7-8545-963512AF6E46}.Release|Any CPU.Build.0 = Release|Any CPU
		{ACE353D3-542E-442F-A000-96829F73691B}.Debug|Any CPU.ActiveCfg = Debug|Any CPU
		{ACE353D3-542E-442F-A000-96829F73691B}.Debug|Any CPU.Build.0 = Debug|Any CPU
		{ACE353D3-542E-442F-A000-96829F73691B}.Release|Any CPU.ActiveCfg = Release|Any CPU
		{ACE353D3-542E-442F-A000-96829F73691B}.Release|Any CPU.Build.0 = Release|Any CPU
		{6987DE0C-8583-43F3-8CE9-BE8F34DBA9ED}.Debug|Any CPU.ActiveCfg = Debug|Any CPU
		{6987DE0C-8583-43F3-8CE9-BE8F34DBA9ED}.Debug|Any CPU.Build.0 = Debug|Any CPU
		{6987DE0C-8583-43F3-8CE9-BE8F34DBA9ED}.Release|Any CPU.ActiveCfg = Release|Any CPU
		{6987DE0C-8583-43F3-8CE9-BE8F34DBA9ED}.Release|Any CPU.Build.0 = Release|Any CPU
	EndGlobalSection
	GlobalSection(SolutionProperties) = preSolution
		HideSolutionNode = FALSE
	EndGlobalSection
EndGlobal
